dependencies:
- name: vault
  repository: https://helm.releases.hashicorp.com
  version: 0.15.0
- name: cert-manager
  repository: https://charts.jetstack.io
  version: v1.5.3
digest: sha256:b8780b1051206ed228708e37dba715459cd3febd9204de1698402089789c6f46
generated: "2021-09-01T11:28:01.337196+01:00"
